
Microsoft Visual Studio Solution File, Format Version 12.00
# Visual Studio Version 17
VisualStudioVersion = 17.5.002.0
MinimumVisualStudioVersion = 10.0.40219.1
Project("{9A19103F-16F7-4668-BE54-9A1E7A4F7556}") = "Messenger.UI", "Messenger.UI.csproj", "{2CA443ED-67C9-4555-8303-63739FB08578}"
EndProject
Global
	GlobalSection(SolutionConfigurationPlatforms) = preSolution
		Debug|Any CPU = Debug|Any CPU
		Release|Any CPU = Release|Any CPU
	EndGlobalSection
	GlobalSection(ProjectConfigurationPlatforms) = postSolution
		{2CA443ED-67C9-4555-8303-63739FB08578}.Debug|Any CPU.ActiveCfg = Debug|Any CPU
		{2CA443ED-67C9-4555-8303-63739FB08578}.Debug|Any CPU.Build.0 = Debug|Any CPU
		{2CA443ED-67C9-4555-8303-63739FB08578}.Release|Any CPU.ActiveCfg = Release|Any CPU
		{2CA443ED-67C9-4555-8303-63739FB08578}.Release|Any CPU.Build.0 = Release|Any CPU
	EndGlobalSection
	GlobalSection(SolutionProperties) = preSolution
		HideSolutionNode = FALSE
	EndGlobalSection
	GlobalSection(ExtensibilityGlobals) = postSolution
		SolutionGuid = {5B58CAC8-18BF-4074-93A3-82D4A6A74B65}
	EndGlobalSection
EndGlobal
